
Microsoft Visual Studio Solution File, Format Version 12.00
# Visual Studio Version 17
VisualStudioVersion = 17.1.32210.238
MinimumVisualStudioVersion = 10.0.40219.1
Project("{FAE04EC0-301F-11D3-BF4B-00C04F79EFBC}") = "SEProjectApp", "SEProjectApp.csproj", "{6069DDC4-C44E-4798-B3B0-19CF0B759971}"
EndProject
Global
	GlobalSection(SolutionConfigurationPlatforms) = preSolution
		Debug|Any CPU = Debug|Any CPU
		Release|Any CPU = Release|Any CPU
	EndGlobalSection
	GlobalSection(ProjectConfigurationPlatforms) = postSolution
		{6069DDC4-C44E-4798-B3B0-19CF0B759971}.Debug|Any CPU.ActiveCfg = Debug|Any CPU
		{6069DDC4-C44E-4798-B3B0-19CF0B759971}.Debug|Any CPU.Build.0 = Debug|Any CPU
		{6069DDC4-C44E-4798-B3B0-19CF0B759971}.Release|Any CPU.ActiveCfg = Release|Any CPU
		{6069DDC4-C44E-4798-B3B0-19CF0B759971}.Release|Any CPU.Build.0 = Release|Any CPU
	EndGlobalSection
	GlobalSection(SolutionProperties) = preSolution
		HideSolutionNode = FALSE
	EndGlobalSection
	GlobalSection(ExtensibilityGlobals) = postSolution
		SolutionGuid = {AE25C36C-4026-45A7-8736-A32AD30B7A12}
	EndGlobalSection
EndGlobal
